
Microsoft Visual Studio Solution File, Format Version 11.00
# Visual Studio 2010
Project("{FAE04EC0-301F-11D3-BF4B-00C04F79EFBC}") = "Assembly-CSharp", "Assembly-CSharp.csproj", "{A37268D6-8844-208F-9701-BA04A49A4DE6}"
EndProject
Project("{FAE04EC0-301F-11D3-BF4B-00C04F79EFBC}") = "Assembly-CSharp-Editor", "Assembly-CSharp-Editor.csproj", "{FAD75054-9774-509C-2FE3-CA8AD1FB5502}"
EndProject
Global
	GlobalSection(SolutionConfigurationPlatforms) = preSolution
		Debug|Any CPU = Debug|Any CPU
		Release|Any CPU = Release|Any CPU
	EndGlobalSection
	GlobalSection(ProjectConfigurationPlatforms) = postSolution
		{A37268D6-8844-208F-9701-BA04A49A4DE6}.Debug|Any CPU.ActiveCfg = Debug|Any CPU
		{A37268D6-8844-208F-9701-BA04A49A4DE6}.Debug|Any CPU.Build.0 = Debug|Any CPU
		{A37268D6-8844-208F-9701-BA04A49A4DE6}.Release|Any CPU.ActiveCfg = Release|Any CPU
		{A37268D6-8844-208F-9701-BA04A49A4DE6}.Release|Any CPU.Build.0 = Release|Any CPU
		{FAD75054-9774-509C-2FE3-CA8AD1FB5502}.Debug|Any CPU.ActiveCfg = Debug|Any CPU
		{FAD75054-9774-509C-2FE3-CA8AD1FB5502}.Debug|Any CPU.Build.0 = Debug|Any CPU
		{FAD75054-9774-509C-2FE3-CA8AD1FB5502}.Release|Any CPU.ActiveCfg = Release|Any CPU
		{FAD75054-9774-509C-2FE3-CA8AD1FB5502}.Release|Any CPU.Build.0 = Release|Any CPU
	EndGlobalSection
	GlobalSection(SolutionProperties) = preSolution
		HideSolutionNode = FALSE
	EndGlobalSection
	GlobalSection(MonoDevelopProperties) = preSolution
		StartupItem = Assembly-CSharp.csproj
	EndGlobalSection
EndGlobal
